
Microsoft Visual Studio Solution File, Format Version 12.00
# Visual Studio Version 16
VisualStudioVersion = 16.0.31424.327
MinimumVisualStudioVersion = 10.0.40219.1
Project("{9A19103F-16F7-4668-BE54-9A1E7A4F7556}") = "Encryption_Trainer", "Encryption_Trainer.csproj", "{AB5BB850-8285-405D-A0E3-43EFA8030E7E}"
EndProject
Project("{54435603-DBB4-11D2-8724-00A0C9A8B90C}") = "EncryptionSuite_Setup", "install\EncryptionSuite_Setup.vdproj", "{E5ECB1D3-B160-460C-B591-E88F6A83846C}"
EndProject
Global
	GlobalSection(SolutionConfigurationPlatforms) = preSolution
		Debug|Any CPU = Debug|Any CPU
		Release|Any CPU = Release|Any CPU
	EndGlobalSection
	GlobalSection(ProjectConfigurationPlatforms) = postSolution
		{AB5BB850-8285-405D-A0E3-43EFA8030E7E}.Debug|Any CPU.ActiveCfg = Release|Any CPU
		{AB5BB850-8285-405D-A0E3-43EFA8030E7E}.Debug|Any CPU.Build.0 = Release|Any CPU
		{AB5BB850-8285-405D-A0E3-43EFA8030E7E}.Release|Any CPU.ActiveCfg = Release|Any CPU
		{AB5BB850-8285-405D-A0E3-43EFA8030E7E}.Release|Any CPU.Build.0 = Release|Any CPU
		{E5ECB1D3-B160-460C-B591-E88F6A83846C}.Debug|Any CPU.ActiveCfg = Debug
		{E5ECB1D3-B160-460C-B591-E88F6A83846C}.Debug|Any CPU.Build.0 = Debug
		{E5ECB1D3-B160-460C-B591-E88F6A83846C}.Release|Any CPU.ActiveCfg = Release
		{E5ECB1D3-B160-460C-B591-E88F6A83846C}.Release|Any CPU.Build.0 = Release
	EndGlobalSection
	GlobalSection(SolutionProperties) = preSolution
		HideSolutionNode = FALSE
	EndGlobalSection
	GlobalSection(ExtensibilityGlobals) = postSolution
		SolutionGuid = {301276E6-51DA-4B8C-BC13-4FF3E0E33A47}
	EndGlobalSection
EndGlobal
